
Microsoft Visual Studio Solution File, Format Version 12.00
# Visual Studio Version 17
VisualStudioVersion = 17.13.35913.81 d17.13
MinimumVisualStudioVersion = 10.0.40219.1
Project("{FAE04EC0-301F-11D3-BF4B-00C04F79EFBC}") = "ChessConsoleGame", "ChessConsoleGame\ChessConsoleGame.csproj", "{7ACD74DC-1C36-4933-AE2F-5E5AE71E2727}"
EndProject
Global
	GlobalSection(SolutionConfigurationPlatforms) = preSolution
		Debug|Any CPU = Debug|Any CPU
		Release|Any CPU = Release|Any CPU
	EndGlobalSection
	GlobalSection(ProjectConfigurationPlatforms) = postSolution
		{7ACD74DC-1C36-4933-AE2F-5E5AE71E2727}.Debug|Any CPU.ActiveCfg = Debug|Any CPU
		{7ACD74DC-1C36-4933-AE2F-5E5AE71E2727}.Debug|Any CPU.Build.0 = Debug|Any CPU
		{7ACD74DC-1C36-4933-AE2F-5E5AE71E2727}.Release|Any CPU.ActiveCfg = Release|Any CPU
		{7ACD74DC-1C36-4933-AE2F-5E5AE71E2727}.Release|Any CPU.Build.0 = Release|Any CPU
	EndGlobalSection
	GlobalSection(SolutionProperties) = preSolution
		HideSolutionNode = FALSE
	EndGlobalSection
	GlobalSection(ExtensibilityGlobals) = postSolution
		SolutionGuid = {B64482BE-8C05-4AD3-A915-F5DD03F7E0E0}
	EndGlobalSection
EndGlobal
